// !$*UTF8*$!
{
	archiveVersion = 1;
	classes = {
	};
	objectVersion = 46;
	objects = {

/* Begin PBXBuildFile section */
		8F8B16101B36F2B40043596E /* AppDelegate.swift in Sources */ = {isa = PBXBuildFile; fileRef = 8F8B160F1B36F2B40043596E /* AppDelegate.swift */; };
		8F8B16121B36F2B40043596E /* ViewController.swift in Sources */ = {isa = PBXBuildFile; fileRef = 8F8B16111B36F2B40043596E /* ViewController.swift */; };
		8F8B16151B36F2B40043596E /* Main.storyboard in Resources */ = {isa = PBXBuildFile; fileRef = 8F8B16131B36F2B40043596E /* Main.storyboard */; };
		8F8B16171B36F2B40043596E /* Images.xcassets in Resources */ = {isa = PBXBuildFile; fileRef = 8F8B16161B36F2B40043596E /* Images.xcassets */; };
		8F8B161A1B36F2B40043596E /* LaunchScreen.xib in Resources */ = {isa = PBXBuildFile; fileRef = 8F8B16181B36F2B40043596E /* LaunchScreen.xib */; };
		8F8B16261B36F2B40043596E /* Nyan_Cat_WidgetTests.swift in Sources */ = {isa = PBXBuildFile; fileRef = 8F8B16251B36F2B40043596E /* Nyan_Cat_WidgetTests.swift */; };
		8F8B16361B36F36F0043596E /* NotificationCenter.framework in Frameworks */ = {isa = PBXBuildFile; fileRef = 8F8B16351B36F36F0043596E /* NotificationCenter.framework */; };
		8F8B163B1B36F36F0043596E /* TodayViewController.swift in Sources */ = {isa = PBXBuildFile; fileRef = 8F8B163A1B36F36F0043596E /* TodayViewController.swift */; };
		8F8B163D1B36F36F0043596E /* MainInterface.storyboard in Resources */ = {isa = PBXBuildFile; fileRef = 8F8B163C1B36F36F0043596E /* MainInterface.storyboard */; };
		8F8B16401B36F36F0043596E /* Nyan Cat Today.appex in Embed App Extensions */ = {isa = PBXBuildFile; fileRef = 8F8B16331B36F36F0043596E /* Nyan Cat Today.appex */; settings = {ATTRIBUTES = (RemoveHeadersOnCopy, ); }; };
		8F8B165D1B36F4700043596E /* Portrait-Nyan-1.png in Resources */ = {isa = PBXBuildFile; fileRef = 8F8B16451B36F4700043596E /* Portrait-Nyan-1.png */; };
		8F8B165E1B36F4700043596E /* Portrait-Nyan-1@2x.png in Resources */ = {isa = PBXBuildFile; fileRef = 8F8B16461B36F4700043596E /* Portrait-Nyan-1@2x.png */; };
		8F8B165F1B36F4700043596E /* Portrait-Nyan-2.png in Resources */ = {isa = PBXBuildFile; fileRef = 8F8B16471B36F4700043596E /* Portrait-Nyan-2.png */; };
		8F8B16601B36F4700043596E /* Portrait-Nyan-2@2x.png in Resources */ = {isa = PBXBuildFile; fileRef = 8F8B16481B36F4700043596E /* Portrait-Nyan-2@2x.png */; };
		8F8B16611B36F4700043596E /* Portrait-Nyan-3.png in Resources */ = {isa = PBXBuildFile; fileRef = 8F8B16491B36F4700043596E /* Portrait-Nyan-3.png */; };
		8F8B16621B36F4700043596E /* Portrait-Nyan-3@2x.png in Resources */ = {isa = PBXBuildFile; fileRef = 8F8B164A1B36F4700043596E /* Portrait-Nyan-3@2x.png */; };
		8F8B16631B36F4700043596E /* Portrait-Nyan-4.png in Resources */ = {isa = PBXBuildFile; fileRef = 8F8B164B1B36F4700043596E /* Portrait-Nyan-4.png */; };
		8F8B16641B36F4700043596E /* Portrait-Nyan-4@2x.png in Resources */ = {isa = PBXBuildFile; fileRef = 8F8B164C1B36F4700043596E /* Portrait-Nyan-4@2x.png */; };
		8F8B16651B36F4700043596E /* Portrait-Nyan-5.png in Resources */ = {isa = PBXBuildFile; fileRef = 8F8B164D1B36F4700043596E /* Portrait-Nyan-5.png */; };
		8F8B16661B36F4700043596E /* Portrait-Nyan-5@2x.png in Resources */ = {isa = PBXBuildFile; fileRef = 8F8B164E1B36F4700043596E /* Portrait-Nyan-5@2x.png */; };
		8F8B16671B36F4700043596E /* Portrait-Nyan-6.png in Resources */ = {isa = PBXBuildFile; fileRef = 8F8B164F1B36F4700043596E /* Portrait-Nyan-6.png */; };
		8F8B16681B36F4700043596E /* Portrait-Nyan-6@2x.png in Resources */ = {isa = PBXBuildFile; fileRef = 8F8B16501B36F4700043596E /* Portrait-Nyan-6@2x.png */; };
		8F8B16691B36F4700043596E /* Portrait-Nyan-7.png in Resources */ = {isa = PBXBuildFile; fileRef = 8F8B16511B36F4700043596E /* Portrait-Nyan-7.png */; };
		8F8B166A1B36F4700043596E /* Portrait-Nyan-7@2x.png in Resources */ = {isa = PBXBuildFile; fileRef = 8F8B16521B36F4700043596E /* Portrait-Nyan-7@2x.png */; };
		8F8B166B1B36F4700043596E /* Portrait-Nyan-8.png in Resources */ = {isa = PBXBuildFile; fileRef = 8F8B16531B36F4700043596E /* Portrait-Nyan-8.png */; };
		8F8B166C1B36F4700043596E /* Portrait-Nyan-8@2x.png in Resources */ = {isa = PBXBuildFile; fileRef = 8F8B16541B36F4700043596E /* Portrait-Nyan-8@2x.png */; };
		8F8B166D1B36F4700043596E /* Portrait-Nyan-9.png in Resources */ = {isa = PBXBuildFile; fileRef = 8F8B16551B36F4700043596E /* Portrait-Nyan-9.png */; };
		8F8B166E1B36F4700043596E /* Portrait-Nyan-9@2x.png in Resources */ = {isa = PBXBuildFile; fileRef = 8F8B16561B36F4700043596E /* Portrait-Nyan-9@2x.png */; };
		8F8B166F1B36F4700043596E /* Portrait-Nyan-10.png in Resources */ = {isa = PBXBuildFile; fileRef = 8F8B16571B36F4700043596E /* Portrait-Nyan-10.png */; };
		8F8B16701B36F4700043596E /* Portrait-Nyan-10@2x.png in Resources */ = {isa = PBXBuildFile; fileRef = 8F8B16581B36F4700043596E /* Portrait-Nyan-10@2x.png */; };
		8F8B16711B36F4700043596E /* Portrait-Nyan-11.png in Resources */ = {isa = PBXBuildFile; fileRef = 8F8B16591B36F4700043596E /* Portrait-Nyan-11.png */; };
		8F8B16721B36F4700043596E /* Portrait-Nyan-11@2x.png in Resources */ = {isa = PBXBuildFile; fileRef = 8F8B165A1B36F4700043596E /* Portrait-Nyan-11@2x.png */; };
		8F8B16731B36F4700043596E /* Portrait-Nyan-12.png in Resources */ = {isa = PBXBuildFile; fileRef = 8F8B165B1B36F4700043596E /* Portrait-Nyan-12.png */; };
		8F8B16741B36F4700043596E /* Portrait-Nyan-12@2x.png in Resources */ = {isa = PBXBuildFile; fileRef = 8F8B165C1B36F4700043596E /* Portrait-Nyan-12@2x.png */; };
/* End PBXBuildFile section */

/* Begin PBXContainerItemProxy section */
		8F8B16201B36F2B40043596E /* PBXContainerItemProxy */ = {
			isa = PBXContainerItemProxy;
			containerPortal = 8F8B16021B36F2B40043596E /* Project object */;
			proxyType = 1;
			remoteGlobalIDString = 8F8B16091B36F2B40043596E;
			remoteInfo = "Nyan Cat Widget";
		};
		8F8B163E1B36F36F0043596E /* PBXContainerItemProxy */ = {
			isa = PBXContainerItemProxy;
			containerPortal = 8F8B16021B36F2B40043596E /* Project object */;
			proxyType = 1;
			remoteGlobalIDString = 8F8B16321B36F36F0043596E;
			remoteInfo = "Nyan Cat Today";
		};
/* End PBXContainerItemProxy section */

/* Begin PBXCopyFilesBuildPhase section */
		8F8B16441B36F36F0043596E /* Embed App Extensions */ = {
			isa = PBXCopyFilesBuildPhase;
			buildActionMask = 2147483647;
			dstPath = "";
			dstSubfolderSpec = 13;
			files = (
				8F8B16401B36F36F0043596E /* Nyan Cat Today.appex in Embed App Extensions */,
			);
			name = "Embed App Extensions";
			runOnlyForDeploymentPostprocessing = 0;
		};
/* End PBXCopyFilesBuildPhase section */

/* Begin PBXFileReference section */
		8F8B160A1B36F2B40043596E /* Nyan Cat Widget.app */ = {isa = PBXFileReference; explicitFileType = wrapper.application; includeInIndex = 0; path = "Nyan Cat Widget.app"; sourceTree = BUILT_PRODUCTS_DIR; };
		8F8B160E1B36F2B40043596E /* Info.plist */ = {isa = PBXFileReference; lastKnownFileType = text.plist.xml; path = Info.plist; sourceTree = "<group>"; };
		8F8B160F1B36F2B40043596E /* AppDelegate.swift */ = {isa = PBXFileReference; lastKnownFileType = sourcecode.swift; path = AppDelegate.swift; sourceTree = "<group>"; };
		8F8B16111B36F2B40043596E /* ViewController.swift */ = {isa = PBXFileReference; lastKnownFileType = sourcecode.swift; path = ViewController.swift; sourceTree = "<group>"; };
		8F8B16141B36F2B40043596E /* Base */ = {isa = PBXFileReference; lastKnownFileType = file.storyboard; name = Base; path = Base.lproj/Main.storyboard; sourceTree = "<group>"; };
		8F8B16161B36F2B40043596E /* Images.xcassets */ = {isa = PBXFileReference; lastKnownFileType = folder.assetcatalog; path = Images.xcassets; sourceTree = "<group>"; };
		8F8B16191B36F2B40043596E /* Base */ = {isa = PBXFileReference; lastKnownFileType = file.xib; name = Base; path = Base.lproj/LaunchScreen.xib; sourceTree = "<group>"; };
		8F8B161F1B36F2B40043596E /* Nyan Cat WidgetTests.xctest */ = {isa = PBXFileReference; explicitFileType = wrapper.cfbundle; includeInIndex = 0; path = "Nyan Cat WidgetTests.xctest"; sourceTree = BUILT_PRODUCTS_DIR; };
		8F8B16241B36F2B40043596E /* Info.plist */ = {isa = PBXFileReference; lastKnownFileType = text.plist.xml; path = Info.plist; sourceTree = "<group>"; };
		8F8B16251B36F2B40043596E /* Nyan_Cat_WidgetTests.swift */ = {isa = PBXFileReference; lastKnownFileType = sourcecode.swift; path = Nyan_Cat_WidgetTests.swift; sourceTree = "<group>"; };
		8F8B16331B36F36F0043596E /* Nyan Cat Today.appex */ = {isa = PBXFileReference; explicitFileType = "wrapper.app-extension"; includeInIndex = 0; path = "Nyan Cat Today.appex"; sourceTree = BUILT_PRODUCTS_DIR; };
		8F8B16351B36F36F0043596E /* NotificationCenter.framework */ = {isa = PBXFileReference; lastKnownFileType = wrapper.framework; name = NotificationCenter.framework; path = System/Library/Frameworks/NotificationCenter.framework; sourceTree = SDKROOT; };
		8F8B16391B36F36F0043596E /* Info.plist */ = {isa = PBXFileReference; lastKnownFileType = text.plist.xml; path = Info.plist; sourceTree = "<group>"; };
		8F8B163A1B36F36F0043596E /* TodayViewController.swift */ = {isa = PBXFileReference; lastKnownFileType = sourcecode.swift; path = TodayViewController.swift; sourceTree = "<group>"; };
		8F8B163C1B36F36F0043596E /* MainInterface.storyboard */ = {isa = PBXFileReference; lastKnownFileType = file.storyboard; path = MainInterface.storyboard; sourceTree = "<group>"; };
		8F8B16451B36F4700043596E /* Portrait-Nyan-1.png */ = {isa = PBXFileReference; lastKnownFileType = image.png; path = "Portrait-Nyan-1.png"; sourceTree = "<group>"; };
		8F8B16461B36F4700043596E /* Portrait-Nyan-1@2x.png */ = {isa = PBXFileReference; lastKnownFileType = image.png; path = "Portrait-Nyan-1@2x.png"; sourceTree = "<group>"; };
		8F8B16471B36F4700043596E /* Portrait-Nyan-2.png */ = {isa = PBXFileReference; lastKnownFileType = image.png; path = "Portrait-Nyan-2.png"; sourceTree = "<group>"; };
		8F8B16481B36F4700043596E /* Portrait-Nyan-2@2x.png */ = {isa = PBXFileReference; lastKnownFileType = image.png; path = "Portrait-Nyan-2@2x.png"; sourceTree = "<group>"; };
		8F8B16491B36F4700043596E /* Portrait-Nyan-3.png */ = {isa = PBXFileReference; lastKnownFileType = image.png; path = "Portrait-Nyan-3.png"; sourceTree = "<group>"; };
		8F8B164A1B36F4700043596E /* Portrait-Nyan-3@2x.png */ = {isa = PBXFileReference; lastKnownFileType = image.png; path = "Portrait-Nyan-3@2x.png"; sourceTree = "<group>"; };
		8F8B164B1B36F4700043596E /* Portrait-Nyan-4.png */ = {isa = PBXFileReference; lastKnownFileType = image.png; path = "Portrait-Nyan-4.png"; sourceTree = "<group>"; };
		8F8B164C1B36F4700043596E /* Portrait-Nyan-4@2x.png */ = {isa = PBXFileReference; lastKnownFileType = image.png; path = "Portrait-Nyan-4@2x.png"; sourceTree = "<group>"; };
		8F8B164D1B36F4700043596E /* Portrait-Nyan-5.png */ = {isa = PBXFileReference; lastKnownFileType = image.png; path = "Portrait-Nyan-5.png"; sourceTree = "<group>"; };
		8F8B164E1B36F4700043596E /* Portrait-Nyan-5@2x.png */ = {isa = PBXFileReference; lastKnownFileType = image.png; path = "Portrait-Nyan-5@2x.png"; sourceTree = "<group>"; };
		8F8B164F1B36F4700043596E /* Portrait-Nyan-6.png */ = {isa = PBXFileReference; lastKnownFileType = image.png; path = "Portrait-Nyan-6.png"; sourceTree = "<group>"; };
		8F8B16501B36F4700043596E /* Portrait-Nyan-6@2x.png */ = {isa = PBXFileReference; lastKnownFileType = image.png; path = "Portrait-Nyan-6@2x.png"; sourceTree = "<group>"; };
		8F8B16511B36F4700043596E /* Portrait-Nyan-7.png */ = {isa = PBXFileReference; lastKnownFileType = image.png; path = "Portrait-Nyan-7.png"; sourceTree = "<group>"; };
		8F8B16521B36F4700043596E /* Portrait-Nyan-7@2x.png */ = {isa = PBXFileReference; lastKnownFileType = image.png; path = "Portrait-Nyan-7@2x.png"; sourceTree = "<group>"; };
		8F8B16531B36F4700043596E /* Portrait-Nyan-8.png */ = {isa = PBXFileReference; lastKnownFileType = image.png; path = "Portrait-Nyan-8.png"; sourceTree = "<group>"; };
		8F8B16541B36F4700043596E /* Portrait-Nyan-8@2x.png */ = {isa = PBXFileReference; lastKnownFileType = image.png; path = "Portrait-Nyan-8@2x.png"; sourceTree = "<group>"; };
		8F8B16551B36F4700043596E /* Portrait-Nyan-9.png */ = {isa = PBXFileReference; lastKnownFileType = image.png; path = "Portrait-Nyan-9.png"; sourceTree = "<group>"; };
		8F8B16561B36F4700043596E /* Portrait-Nyan-9@2x.png */ = {isa = PBXFileReference; lastKnownFileType = image.png; path = "Portrait-Nyan-9@2x.png"; sourceTree = "<group>"; };
		8F8B16571B36F4700043596E /* Portrait-Nyan-10.png */ = {isa = PBXFileReference; lastKnownFileType = image.png; path = "Portrait-Nyan-10.png"; sourceTree = "<group>"; };
		8F8B16581B36F4700043596E /* Portrait-Nyan-10@2x.png */ = {isa = PBXFileReference; lastKnownFileType = image.png; path = "Portrait-Nyan-10@2x.png"; sourceTree = "<group>"; };
		8F8B16591B36F4700043596E /* Portrait-Nyan-11.png */ = {isa = PBXFileReference; lastKnownFileType = image.png; path = "Portrait-Nyan-11.png"; sourceTree = "<group>"; };
		8F8B165A1B36F4700043596E /* Portrait-Nyan-11@2x.png */ = {isa = PBXFileReference; lastKnownFileType = image.png; path = "Portrait-Nyan-11@2x.png"; sourceTree = "<group>"; };
		8F8B165B1B36F4700043596E /* Portrait-Nyan-12.png */ = {isa = PBXFileReference; lastKnownFileType = image.png; path = "Portrait-Nyan-12.png"; sourceTree = "<group>"; };
		8F8B165C1B36F4700043596E /* Portrait-Nyan-12@2x.png */ = {isa = PBXFileReference; lastKnownFileType = image.png; path = "Portrait-Nyan-12@2x.png"; sourceTree = "<group>"; };
/* End PBXFileReference section */

/* Begin PBXFrameworksBuildPhase section */
		8F8B16071B36F2B40043596E /* Frameworks */ = {
			isa = PBXFrameworksBuildPhase;
			buildActionMask = 2147483647;
			files = (
			);
			runOnlyForDeploymentPostprocessing = 0;
		};
		8F8B161C1B36F2B40043596E /* Frameworks */ = {
			isa = PBXFrameworksBuildPhase;
			buildActionMask = 2147483647;
			files = (
			);
			runOnlyForDeploymentPostprocessing = 0;
		};
		8F8B16301B36F36F0043596E /* Frameworks */ = {
			isa = PBXFrameworksBuildPhase;
			buildActionMask = 2147483647;
			files = (
				8F8B16361B36F36F0043596E /* NotificationCenter.framework in Frameworks */,
			);
			runOnlyForDeploymentPostprocessing = 0;
		};
/* End PBXFrameworksBuildPhase section */

/* Begin PBXGroup section */
		8F8B16011B36F2B40043596E = {
			isa = PBXGroup;
			children = (
				8F8B160C1B36F2B40043596E /* Nyan Cat Widget */,
				8F8B16221B36F2B40043596E /* Nyan Cat WidgetTests */,
				8F8B16371B36F36F0043596E /* Nyan Cat Today */,
				8F8B16341B36F36F0043596E /* Frameworks */,
				8F8B160B1B36F2B40043596E /* Products */,
			);
			sourceTree = "<group>";
		};
		8F8B160B1B36F2B40043596E /* Products */ = {
			isa = PBXGroup;
			children = (
				8F8B160A1B36F2B40043596E /* Nyan Cat Widget.app */,
				8F8B161F1B36F2B40043596E /* Nyan Cat WidgetTests.xctest */,
				8F8B16331B36F36F0043596E /* Nyan Cat Today.appex */,
			);
			name = Products;
			sourceTree = "<group>";
		};
		8F8B160C1B36F2B40043596E /* Nyan Cat Widget */ = {
			isa = PBXGroup;
			children = (
				8F8B160F1B36F2B40043596E /* AppDelegate.swift */,
				8F8B16111B36F2B40043596E /* ViewController.swift */,
				8F8B16131B36F2B40043596E /* Main.storyboard */,
				8F8B16161B36F2B40043596E /* Images.xcassets */,
				8F8B16181B36F2B40043596E /* LaunchScreen.xib */,
				8F8B160D1B36F2B40043596E /* Supporting Files */,
			);
			path = "Nyan Cat Widget";
			sourceTree = "<group>";
		};
		8F8B160D1B36F2B40043596E /* Supporting Files */ = {
			isa = PBXGroup;
			children = (
				8F8B160E1B36F2B40043596E /* Info.plist */,
			);
			name = "Supporting Files";
			sourceTree = "<group>";
		};
		8F8B16221B36F2B40043596E /* Nyan Cat WidgetTests */ = {
			isa = PBXGroup;
			children = (
				8F8B16251B36F2B40043596E /* Nyan_Cat_WidgetTests.swift */,
				8F8B16231B36F2B40043596E /* Supporting Files */,
			);
			path = "Nyan Cat WidgetTests";
			sourceTree = "<group>";
		};
		8F8B16231B36F2B40043596E /* Supporting Files */ = {
			isa = PBXGroup;
			children = (
				8F8B16241B36F2B40043596E /* Info.plist */,
			);
			name = "Supporting Files";
			sourceTree = "<group>";
		};
		8F8B16341B36F36F0043596E /* Frameworks */ = {
			isa = PBXGroup;
			children = (
				8F8B16351B36F36F0043596E /* NotificationCenter.framework */,
			);
			name = Frameworks;
			sourceTree = "<group>";
		};
		8F8B16371B36F36F0043596E /* Nyan Cat Today */ = {
			isa = PBXGroup;
			children = (
				8F8B163A1B36F36F0043596E /* TodayViewController.swift */,
				8F8B163C1B36F36F0043596E /* MainInterface.storyboard */,
				8F8B16381B36F36F0043596E /* Supporting Files */,
			);
			path = "Nyan Cat Today";
			sourceTree = "<group>";
		};
		8F8B16381B36F36F0043596E /* Supporting Files */ = {
			isa = PBXGroup;
			children = (
				8F8B16451B36F4700043596E /* Portrait-Nyan-1.png */,
				8F8B16461B36F4700043596E /* Portrait-Nyan-1@2x.png */,
				8F8B16471B36F4700043596E /* Portrait-Nyan-2.png */,
				8F8B16481B36F4700043596E /* Portrait-Nyan-2@2x.png */,
				8F8B16491B36F4700043596E /* Portrait-Nyan-3.png */,
				8F8B164A1B36F4700043596E /* Portrait-Nyan-3@2x.png */,
				8F8B164B1B36F4700043596E /* Portrait-Nyan-4.png */,
				8F8B164C1B36F4700043596E /* Portrait-Nyan-4@2x.png */,
				8F8B164D1B36F4700043596E /* Portrait-Nyan-5.png */,
				8F8B164E1B36F4700043596E /* Portrait-Nyan-5@2x.png */,
				8F8B164F1B36F4700043596E /* Portrait-Nyan-6.png */,
				8F8B16501B36F4700043596E /* Portrait-Nyan-6@2x.png */,
				8F8B16511B36F4700043596E /* Portrait-Nyan-7.png */,
				8F8B16521B36F4700043596E /* Portrait-Nyan-7@2x.png */,
				8F8B16531B36F4700043596E /* Portrait-Nyan-8.png */,
				8F8B16541B36F4700043596E /* Portrait-Nyan-8@2x.png */,
				8F8B16551B36F4700043596E /* Portrait-Nyan-9.png */,
				8F8B16561B36F4700043596E /* Portrait-Nyan-9@2x.png */,
				8F8B16571B36F4700043596E /* Portrait-Nyan-10.png */,
				8F8B16581B36F4700043596E /* Portrait-Nyan-10@2x.png */,
				8F8B16591B36F4700043596E /* Portrait-Nyan-11.png */,
				8F8B165A1B36F4700043596E /* Portrait-Nyan-11@2x.png */,
				8F8B165B1B36F4700043596E /* Portrait-Nyan-12.png */,
				8F8B165C1B36F4700043596E /* Portrait-Nyan-12@2x.png */,
				8F8B16391B36F36F0043596E /* Info.plist */,
			);
			name = "Supporting Files";
			sourceTree = "<group>";
		};
/* End PBXGroup section */

/* Begin PBXNativeTarget section */
		8F8B16091B36F2B40043596E /* Nyan Cat Widget */ = {
			isa = PBXNativeTarget;
			buildConfigurationList = 8F8B16291B36F2B40043596E /* Build configuration list for PBXNativeTarget "Nyan Cat Widget" */;
			buildPhases = (
				8F8B16061B36F2B40043596E /* Sources */,
				8F8B16071B36F2B40043596E /* Frameworks */,
				8F8B16081B36F2B40043596E /* Resources */,
				8F8B16441B36F36F0043596E /* Embed App Extensions */,
			);
			buildRules = (
			);
			dependencies = (
				8F8B163F1B36F36F0043596E /* PBXTargetDependency */,
			);
			name = "Nyan Cat Widget";
			productName = "Nyan Cat Widget";
			productReference = 8F8B160A1B36F2B40043596E /* Nyan Cat Widget.app */;
			productType = "com.apple.product-type.application";
		};
		8F8B161E1B36F2B40043596E /* Nyan Cat WidgetTests */ = {
			isa = PBXNativeTarget;
			buildConfigurationList = 8F8B162C1B36F2B40043596E /* Build configuration list for PBXNativeTarget "Nyan Cat WidgetTests" */;
			buildPhases = (
				8F8B161B1B36F2B40043596E /* Sources */,
				8F8B161C1B36F2B40043596E /* Frameworks */,
				8F8B161D1B36F2B40043596E /* Resources */,
			);
			buildRules = (
			);
			dependencies = (
				8F8B16211B36F2B40043596E /* PBXTargetDependency */,
			);
			name = "Nyan Cat WidgetTests";
			productName = "Nyan Cat WidgetTests";
			productReference = 8F8B161F1B36F2B40043596E /* Nyan Cat WidgetTests.xctest */;
			productType = "com.apple.product-type.bundle.unit-test";
		};
		8F8B16321B36F36F0043596E /* Nyan Cat Today */ = {
			isa = PBXNativeTarget;
			buildConfigurationList = 8F8B16411B36F36F0043596E /* Build configuration list for PBXNativeTarget "Nyan Cat Today" */;
			buildPhases = (
				8F8B162F1B36F36F0043596E /* Sources */,
				8F8B16301B36F36F0043596E /* Frameworks */,
				8F8B16311B36F36F0043596E /* Resources */,
			);
			buildRules = (
			);
			dependencies = (
			);
			name = "Nyan Cat Today";
			productName = "Nyan Cat Today";
			productReference = 8F8B16331B36F36F0043596E /* Nyan Cat Today.appex */;
			productType = "com.apple.product-type.app-extension";
		};
/* End PBXNativeTarget section */

/* Begin PBXProject section */
		8F8B16021B36F2B40043596E /* Project object */ = {
			isa = PBXProject;
			attributes = {
				LastUpgradeCheck = 0630;
				ORGANIZATIONNAME = "Sayan Das";
				TargetAttributes = {
					8F8B16091B36F2B40043596E = {
						CreatedOnToolsVersion = 6.3.2;
					};
					8F8B161E1B36F2B40043596E = {
						CreatedOnToolsVersion = 6.3.2;
						TestTargetID = 8F8B16091B36F2B40043596E;
					};
					8F8B16321B36F36F0043596E = {
						CreatedOnToolsVersion = 6.3.2;
					};
				};
			};
			buildConfigurationList = 8F8B16051B36F2B40043596E /* Build configuration list for PBXProject "Nyan Cat Widget" */;
			compatibilityVersion = "Xcode 3.2";
			developmentRegion = English;
			hasScannedForEncodings = 0;
			knownRegions = (
				en,
				Base,
			);
			mainGroup = 8F8B16011B36F2B40043596E;
			productRefGroup = 8F8B160B1B36F2B40043596E /* Products */;
			projectDirPath = "";
			projectRoot = "";
			targets = (
				8F8B16091B36F2B40043596E /* Nyan Cat Widget */,
				8F8B161E1B36F2B40043596E /* Nyan Cat WidgetTests */,
				8F8B16321B36F36F0043596E /* Nyan Cat Today */,
			);
		};
/* End PBXProject section */

/* Begin PBXResourcesBuildPhase section */
		8F8B16081B36F2B40043596E /* Resources */ = {
			isa = PBXResourcesBuildPhase;
			buildActionMask = 2147483647;
			files = (
				8F8B16151B36F2B40043596E /* Main.storyboard in Resources */,
				8F8B161A1B36F2B40043596E /* LaunchScreen.xib in Resources */,
				8F8B16171B36F2B40043596E /* Images.xcassets in Resources */,
			);
			runOnlyForDeploymentPostprocessing = 0;
		};
		8F8B161D1B36F2B40043596E /* Resources */ = {
			isa = PBXResourcesBuildPhase;
			buildActionMask = 2147483647;
			files = (
			);
			runOnlyForDeploymentPostprocessing = 0;
		};
		8F8B16311B36F36F0043596E /* Resources */ = {
			isa = PBXResourcesBuildPhase;
			buildActionMask = 2147483647;
			files = (
				8F8B16711B36F4700043596E /* Portrait-Nyan-11.png in Resources */,
				8F8B166A1B36F4700043596E /* Portrait-Nyan-7@2x.png in Resources */,
				8F8B16611B36F4700043596E /* Portrait-Nyan-3.png in Resources */,
				8F8B16701B36F4700043596E /* Portrait-Nyan-10@2x.png in Resources */,
				8F8B165E1B36F4700043596E /* Portrait-Nyan-1@2x.png in Resources */,
				8F8B166B1B36F4700043596E /* Portrait-Nyan-8.png in Resources */,
				8F8B165F1B36F4700043596E /* Portrait-Nyan-2.png in Resources */,
				8F8B166F1B36F4700043596E /* Portrait-Nyan-10.png in Resources */,
				8F8B165D1B36F4700043596E /* Portrait-Nyan-1.png in Resources */,
				8F8B166D1B36F4700043596E /* Portrait-Nyan-9.png in Resources */,
				8F8B16691B36F4700043596E /* Portrait-Nyan-7.png in Resources */,
				8F8B16601B36F4700043596E /* Portrait-Nyan-2@2x.png in Resources */,
				8F8B16661B36F4700043596E /* Portrait-Nyan-5@2x.png in Resources */,
				8F8B16621B36F4700043596E /* Portrait-Nyan-3@2x.png in Resources */,
				8F8B16741B36F4700043596E /* Portrait-Nyan-12@2x.png in Resources */,
				8F8B163D1B36F36F0043596E /* MainInterface.storyboard in Resources */,
				8F8B16641B36F4700043596E /* Portrait-Nyan-4@2x.png in Resources */,
				8F8B16671B36F4700043596E /* Portrait-Nyan-6.png in Resources */,
				8F8B16651B36F4700043596E /* Portrait-Nyan-5.png in Resources */,
				8F8B16681B36F4700043596E /* Portrait-Nyan-6@2x.png in Resources */,
				8F8B16631B36F4700043596E /* Portrait-Nyan-4.png in Resources */,
				8F8B166C1B36F4700043596E /* Portrait-Nyan-8@2x.png in Resources */,
				8F8B166E1B36F4700043596E /* Portrait-Nyan-9@2x.png in Resources */,
				8F8B16721B36F4700043596E /* Portrait-Nyan-11@2x.png in Resources */,
				8F8B16731B36F4700043596E /* Portrait-Nyan-12.png in Resources */,
			);
			runOnlyForDeploymentPostprocessing = 0;
		};
/* End PBXResourcesBuildPhase section */

/* Begin PBXSourcesBuildPhase section */
		8F8B16061B36F2B40043596E /* Sources */ = {
			isa = PBXSourcesBuildPhase;
			buildActionMask = 2147483647;
			files = (
				8F8B16121B36F2B40043596E /* ViewController.swift in Sources */,
				8F8B16101B36F2B40043596E /* AppDelegate.swift in Sources */,
			);
			runOnlyForDeploymentPostprocessing = 0;
		};
		8F8B161B1B36F2B40043596E /* Sources */ = {
			isa = PBXSourcesBuildPhase;
			buildActionMask = 2147483647;
			files = (
				8F8B16261B36F2B40043596E /* Nyan_Cat_WidgetTests.swift in Sources */,
			);
			runOnlyForDeploymentPostprocessing = 0;
		};
		8F8B162F1B36F36F0043596E /* Sources */ = {
			isa = PBXSourcesBuildPhase;
			buildActionMask = 2147483647;
			files = (
				8F8B163B1B36F36F0043596E /* TodayViewController.swift in Sources */,
			);
			runOnlyForDeploymentPostprocessing = 0;
		};
/* End PBXSourcesBuildPhase section */

/* Begin PBXTargetDependency section */
		8F8B16211B36F2B40043596E /* PBXTargetDependency */ = {
			isa = PBXTargetDependency;
			target = 8F8B16091B36F2B40043596E /* Nyan Cat Widget */;
			targetProxy = 8F8B16201B36F2B40043596E /* PBXContainerItemProxy */;
		};
		8F8B163F1B36F36F0043596E /* PBXTargetDependency */ = {
			isa = PBXTargetDependency;
			target = 8F8B16321B36F36F0043596E /* Nyan Cat Today */;
			targetProxy = 8F8B163E1B36F36F0043596E /* PBXContainerItemProxy */;
		};
/* End PBXTargetDependency section */

/* Begin PBXVariantGroup section */
		8F8B16131B36F2B40043596E /* Main.storyboard */ = {
			isa = PBXVariantGroup;
			children = (
				8F8B16141B36F2B40043596E /* Base */,
			);
			name = Main.storyboard;
			sourceTree = "<group>";
		};
		8F8B16181B36F2B40043596E /* LaunchScreen.xib */ = {
			isa = PBXVariantGroup;
			children = (
				8F8B16191B36F2B40043596E /* Base */,
			);
			name = LaunchScreen.xib;
			sourceTree = "<group>";
		};
/* End PBXVariantGroup section */

/* Begin XCBuildConfiguration section */
		8F8B16271B36F2B40043596E /* Debug */ = {
			isa = XCBuildConfiguration;
			buildSettings = {
				ALWAYS_SEARCH_USER_PATHS = NO;
				CLANG_CXX_LANGUAGE_STANDARD = "gnu++0x";
				CLANG_CXX_LIBRARY = "libc++";
				CLANG_ENABLE_MODULES = YES;
				CLANG_ENABLE_OBJC_ARC = YES;
				CLANG_WARN_BOOL_CONVERSION = YES;
				CLANG_WARN_CONSTANT_CONVERSION = YES;
				CLANG_WARN_DIRECT_OBJC_ISA_USAGE = YES_ERROR;
				CLANG_WARN_EMPTY_BODY = YES;
				CLANG_WARN_ENUM_CONVERSION = YES;
				CLANG_WARN_INT_CONVERSION = YES;
				CLANG_WARN_OBJC_ROOT_CLASS = YES_ERROR;
				CLANG_WARN_UNREACHABLE_CODE = YES;
				CLANG_WARN__DUPLICATE_METHOD_MATCH = YES;
				"CODE_SIGN_IDENTITY[sdk=iphoneos*]" = "iPhone Developer";
				COPY_PHASE_STRIP = NO;
				DEBUG_INFORMATION_FORMAT = "dwarf-with-dsym";
				ENABLE_STRICT_OBJC_MSGSEND = YES;
				GCC_C_LANGUAGE_STANDARD = gnu99;
				GCC_DYNAMIC_NO_PIC = NO;
				GCC_NO_COMMON_BLOCKS = YES;
				GCC_OPTIMIZATION_LEVEL = 0;
				GCC_PREPROCESSOR_DEFINITIONS = (
					"DEBUG=1",
					"$(inherited)",
				);
				GCC_SYMBOLS_PRIVATE_EXTERN = NO;
				GCC_WARN_64_TO_32_BIT_CONVERSION = YES;
				GCC_WARN_ABOUT_RETURN_TYPE = YES_ERROR;
				GCC_WARN_UNDECLARED_SELECTOR = YES;
				GCC_WARN_UNINITIALIZED_AUTOS = YES_AGGRESSIVE;
				GCC_WARN_UNUSED_FUNCTION = YES;
				GCC_WARN_UNUSED_VARIABLE = YES;
				IPHONEOS_DEPLOYMENT_TARGET = 8.3;
				MTL_ENABLE_DEBUG_INFO = YES;
				ONLY_ACTIVE_ARCH = YES;
				SDKROOT = iphoneos;
				SWIFT_OPTIMIZATION_LEVEL = "-Onone";
				TARGETED_DEVICE_FAMILY = "1,2";
			};
			name = Debug;
		};
		8F8B16281B36F2B40043596E /* Release */ = {
			isa = XCBuildConfiguration;
			buildSettings = {
				ALWAYS_SEARCH_USER_PATHS = NO;
				CLANG_CXX_LANGUAGE_STANDARD = "gnu++0x";
				CLANG_CXX_LIBRARY = "libc++";
				CLANG_ENABLE_MODULES = YES;
				CLANG_ENABLE_OBJC_ARC = YES;
				CLANG_WARN_BOOL_CONVERSION = YES;
				CLANG_WARN_CONSTANT_CONVERSION = YES;
				CLANG_WARN_DIRECT_OBJC_ISA_USAGE = YES_ERROR;
				CLANG_WARN_EMPTY_BODY = YES;
				CLANG_WARN_ENUM_CONVERSION = YES;
				CLANG_WARN_INT_CONVERSION = YES;
				CLANG_WARN_OBJC_ROOT_CLASS = YES_ERROR;
				CLANG_WARN_UNREACHABLE_CODE = YES;
				CLANG_WARN__DUPLICATE_METHOD_MATCH = YES;
				"CODE_SIGN_IDENTITY[sdk=iphoneos*]" = "iPhone Developer";
				COPY_PHASE_STRIP = NO;
				DEBUG_INFORMATION_FORMAT = "dwarf-with-dsym";
				ENABLE_NS_ASSERTIONS = NO;
				ENABLE_STRICT_OBJC_MSGSEND = YES;
				GCC_C_LANGUAGE_STANDARD = gnu99;
				GCC_NO_COMMON_BLOCKS = YES;
				GCC_WARN_64_TO_32_BIT_CONVERSION = YES;
				GCC_WARN_ABOUT_RETURN_TYPE = YES_ERROR;
				GCC_WARN_UNDECLARED_SELECTOR = YES;
				GCC_WARN_UNINITIALIZED_AUTOS = YES_AGGRESSIVE;
				GCC_WARN_UNUSED_FUNCTION = YES;
				GCC_WARN_UNUSED_VARIABLE = YES;
				IPHONEOS_DEPLOYMENT_TARGET = 8.3;
				MTL_ENABLE_DEBUG_INFO = NO;
				SDKROOT = iphoneos;
				TARGETED_DEVICE_FAMILY = "1,2";
				VALIDATE_PRODUCT = YES;
			};
			name = Release;
		};
		8F8B162A1B36F2B40043596E /* Debug */ = {
			isa = XCBuildConfiguration;
			buildSettings = {
				ASSETCATALOG_COMPILER_APPICON_NAME = AppIcon;
				INFOPLIST_FILE = "Nyan Cat Widget/Info.plist";
				LD_RUNPATH_SEARCH_PATHS = "$(inherited) @executable_path/Frameworks";
				PRODUCT_NAME = "$(TARGET_NAME)";
			};
			name = Debug;
		};
		8F8B162B1B36F2B40043596E /* Release */ = {
			isa = XCBuildConfiguration;
			buildSettings = {
				ASSETCATALOG_COMPILER_APPICON_NAME = AppIcon;
				INFOPLIST_FILE = "Nyan Cat Widget/Info.plist";
				LD_RUNPATH_SEARCH_PATHS = "$(inherited) @executable_path/Frameworks";
				PRODUCT_NAME = "$(TARGET_NAME)";
			};
			name = Release;
		};
		8F8B162D1B36F2B40043596E /* Debug */ = {
			isa = XCBuildConfiguration;
			buildSettings = {
				BUNDLE_LOADER = "$(TEST_HOST)";
				FRAMEWORK_SEARCH_PATHS = (
					"$(SDKROOT)/Developer/Library/Frameworks",
					"$(inherited)",
				);
				GCC_PREPROCESSOR_DEFINITIONS = (
					"DEBUG=1",
					"$(inherited)",
				);
				INFOPLIST_FILE = "Nyan Cat WidgetTests/Info.plist";
				LD_RUNPATH_SEARCH_PATHS = "$(inherited) @executable_path/Frameworks @loader_path/Frameworks";
				PRODUCT_NAME = "$(TARGET_NAME)";
				TEST_HOST = "$(BUILT_PRODUCTS_DIR)/Nyan Cat Widget.app/Nyan Cat Widget";
			};
			name = Debug;
		};
		8F8B162E1B36F2B40043596E /* Release */ = {
			isa = XCBuildConfiguration;
			buildSettings = {
				BUNDLE_LOADER = "$(TEST_HOST)";
				FRAMEWORK_SEARCH_PATHS = (
					"$(SDKROOT)/Developer/Library/Frameworks",
					"$(inherited)",
				);
				INFOPLIST_FILE = "Nyan Cat WidgetTests/Info.plist";
				LD_RUNPATH_SEARCH_PATHS = "$(inherited) @executable_path/Frameworks @loader_path/Frameworks";
				PRODUCT_NAME = "$(TARGET_NAME)";
				TEST_HOST = "$(BUILT_PRODUCTS_DIR)/Nyan Cat Widget.app/Nyan Cat Widget";
			};
			name = Release;
		};
		8F8B16421B36F36F0043596E /* Debug */ = {
			isa = XCBuildConfiguration;
			buildSettings = {
				GCC_PREPROCESSOR_DEFINITIONS = (
					"DEBUG=1",
					"$(inherited)",
				);
				INFOPLIST_FILE = "Nyan Cat Today/Info.plist";
				LD_RUNPATH_SEARCH_PATHS = "$(inherited) @executable_path/Frameworks @executable_path/../../Frameworks";
				PRODUCT_NAME = "$(TARGET_NAME)";
				SKIP_INSTALL = YES;
			};
			name = Debug;
		};
		8F8B16431B36F36F0043596E /* Release */ = {
			isa = XCBuildConfiguration;
			buildSettings = {
				INFOPLIST_FILE = "Nyan Cat Today/Info.plist";
				LD_RUNPATH_SEARCH_PATHS = "$(inherited) @executable_path/Frameworks @executable_path/../../Frameworks";
				PRODUCT_NAME = "$(TARGET_NAME)";
				SKIP_INSTALL = YES;
			};
			name = Release;
		};
/* End XCBuildConfiguration section */

/* Begin XCConfigurationList section */
		8F8B16051B36F2B40043596E /* Build configuration list for PBXProject "Nyan Cat Widget" */ = {
			isa = XCConfigurationList;
			buildConfigurations = (
				8F8B16271B36F2B40043596E /* Debug */,
				8F8B16281B36F2B40043596E /* Release */,
			);
			defaultConfigurationIsVisible = 0;
			defaultConfigurationName = Release;
		};
		8F8B16291B36F2B40043596E /* Build configuration list for PBXNativeTarget "Nyan Cat Widget" */ = {
			isa = XCConfigurationList;
			buildConfigurations = (
				8F8B162A1B36F2B40043596E /* Debug */,
				8F8B162B1B36F2B40043596E /* Release */,
			);
			defaultConfigurationIsVisible = 0;
		};
		8F8B162C1B36F2B40043596E /* Build configuration list for PBXNativeTarget "Nyan Cat WidgetTests" */ = {
			isa = XCConfigurationList;
			buildConfigurations = (
				8F8B162D1B36F2B40043596E /* Debug */,
				8F8B162E1B36F2B40043596E /* Release */,
			);
			defaultConfigurationIsVisible = 0;
		};
		8F8B16411B36F36F0043596E /* Build configuration list for PBXNativeTarget "Nyan Cat Today" */ = {
			isa = XCConfigurationList;
			buildConfigurations = (
				8F8B16421B36F36F0043596E /* Debug */,
				8F8B16431B36F36F0043596E /* Release */,
			);
			defaultConfigurationIsVisible = 0;
		};
/* End XCConfigurationList section */
	};
	rootObject = 8F8B16021B36F2B40043596E /* Project object */;
}
